{
  "name": "playwrightproject",
  "version": "1.0.0",
  "lockfileVersion": 3,
  "requires": true,
  "packages": {
    "": {
      "name": "playwrightproject",
      "version": "1.0.0",
      "license": "ISC",
      "devDependencies": {
        "@playwright/test": "^1.32",
        "allure-playwright": "^2.1.0"
      }
    },
    "node_modules/@playwright/test": {
      "version": "1.32.0",
      "resolved": "https://registry.npmjs.org/@playwright/test/-/test-1.32.0.tgz",
      "integrity": "sha512-zOdGloaF0jeec7hqoLqM5S3L2rR4WxMJs6lgiAeR70JlH7Ml54ZPoIIf3X7cvnKde3Q9jJ/gaxkFh8fYI9s1rg==",
      "dev": true,
      "dependencies": {
        "@types/node": "*",
        "playwright-core": "1.32.0"
      },
      "bin": {
        "playwright": "cli.js"
      },
      "engines": {
        "node": ">=14"
      },
      "optionalDependencies": {
        "fsevents": "2.3.2"
      }
    },
    "node_modules/@types/node": {
      "version": "18.15.5",
      "resolved": "https://registry.npmjs.org/@types/node/-/node-18.15.5.tgz",
      "integrity": "sha512-Ark2WDjjZO7GmvsyFFf81MXuGTA/d6oP38anyxWOL6EREyBKAxKoFHwBhaZxCfLRLpO8JgVXwqOwSwa7jRcjew==",
      "dev": true
    },
    "node_modules/allure-js-commons": {
      "version": "2.1.0",
      "resolved": "https://registry.npmjs.org/allure-js-commons/-/allure-js-commons-2.1.0.tgz",
      "integrity": "sha512-EPtyzVXjpWhIGpZd1jBQ9+Ymt+H0fhywkcBSN9eSXOjpmJV8TWGrQximQV5q9XKuNyMmz0PlwvbIn42NC/u2/A==",
      "dev": true,
      "dependencies": {
        "properties": "^1.2.1",
        "uuid": "^8.3.0"
      }
    },
    "node_modules/allure-playwright": {
      "version": "2.1.0",
      "resolved": "https://registry.npmjs.org/allure-playwright/-/allure-playwright-2.1.0.tgz",
      "integrity": "sha512-0dt4Re8Mg5kLDevPuZOJHgYaG7+BKsdHodl8/GRJW5JiU1Vd1xHoyxj4WBb8r7F/AOi6ASjRBbZHofXRF43Tnw==",
      "dev": true,
      "dependencies": {
        "allure-js-commons": "2.1.0"
      }
    },
    "node_modules/playwright-core": {
      "version": "1.32.0",
      "resolved": "https://registry.npmjs.org/playwright-core/-/playwright-core-1.32.0.tgz",
      "integrity": "sha512-Z9Ij17X5Z3bjpp6XKujGBp9Gv4eViESac9aDmwgQFUEJBW0K80T21m/Z+XJQlu4cNsvPygw33b6V1Va6Bda5zQ==",
      "dev": true,
      "bin": {
        "playwright": "cli.js"
      },
      "engines": {
        "node": ">=14"
      }
    },
    "node_modules/properties": {
      "version": "1.2.1",
      "resolved": "https://registry.npmjs.org/properties/-/properties-1.2.1.tgz",
      "integrity": "sha512-qYNxyMj1JeW54i/EWEFsM1cVwxJbtgPp8+0Wg9XjNaK6VE/c4oRi6PNu5p7w1mNXEIQIjV5Wwn8v8Gz82/QzdQ==",
      "dev": true,
      "engines": {
        "node": ">=0.10"
      }
    },
    "node_modules/uuid": {
      "version": "8.3.2",
      "resolved": "https://registry.npmjs.org/uuid/-/uuid-8.3.2.tgz",
      "integrity": "sha512-+NYs2QeMWy+GWFOEm9xnn6HCDp0l7QBD7ml8zLUmJ+93Q5NF0NocErnwkTkXVFNiX3/fpC6afS8Dhb/gz7R7eg==",
      "dev": true,
      "bin": {
        "uuid": "dist/bin/uuid"
      }
    }
  }
}
